// !$*UTF8*$!
{
	archiveVersion = 1;
	classes = {
	};
	objectVersion = 46;
	objects = {

/* Begin PBXBuildFile section */
		01F36E6D1CB4D0E400296359 /* main.swift in Sources */ = {isa = PBXBuildFile; fileRef = 01F36E6C1CB4D0E400296359 /* main.swift */; };
		01F36E741CB4D28300296359 /* vec3.swift in Sources */ = {isa = PBXBuildFile; fileRef = 01F36E731CB4D28300296359 /* vec3.swift */; };
		01F36E771CB4D31400296359 /* camera.swift in Sources */ = {isa = PBXBuildFile; fileRef = 01F36E751CB4D31400296359 /* camera.swift */; };
		01F36E781CB4D31400296359 /* ray.swift in Sources */ = {isa = PBXBuildFile; fileRef = 01F36E761CB4D31400296359 /* ray.swift */; };
		01F36E7B1CB4D4DC00296359 /* hitable.swift in Sources */ = {isa = PBXBuildFile; fileRef = 01F36E791CB4D4DC00296359 /* hitable.swift */; };
		01F36E7C1CB4D4DC00296359 /* materials.swift in Sources */ = {isa = PBXBuildFile; fileRef = 01F36E7A1CB4D4DC00296359 /* materials.swift */; };
/* End PBXBuildFile section */

/* Begin PBXCopyFilesBuildPhase section */
		01F36E671CB4D0E400296359 /* CopyFiles */ = {
			isa = PBXCopyFilesBuildPhase;
			buildActionMask = 2147483647;
			dstPath = /usr/share/man/man1/;
			dstSubfolderSpec = 0;
			files = (
			);
			runOnlyForDeploymentPostprocessing = 1;
		};
/* End PBXCopyFilesBuildPhase section */

/* Begin PBXFileReference section */
		01F36E691CB4D0E400296359 /* swift-trace */ = {isa = PBXFileReference; explicitFileType = "compiled.mach-o.executable"; includeInIndex = 0; path = "swift-trace"; sourceTree = BUILT_PRODUCTS_DIR; };
		01F36E6C1CB4D0E400296359 /* main.swift */ = {isa = PBXFileReference; lastKnownFileType = sourcecode.swift; path = main.swift; sourceTree = "<group>"; };
		01F36E731CB4D28300296359 /* vec3.swift */ = {isa = PBXFileReference; fileEncoding = 4; lastKnownFileType = sourcecode.swift; path = vec3.swift; sourceTree = "<group>"; };
		01F36E751CB4D31400296359 /* camera.swift */ = {isa = PBXFileReference; fileEncoding = 4; lastKnownFileType = sourcecode.swift; path = camera.swift; sourceTree = "<group>"; };
		01F36E761CB4D31400296359 /* ray.swift */ = {isa = PBXFileReference; fileEncoding = 4; lastKnownFileType = sourcecode.swift; path = ray.swift; sourceTree = "<group>"; };
		01F36E791CB4D4DC00296359 /* hitable.swift */ = {isa = PBXFileReference; fileEncoding = 4; lastKnownFileType = sourcecode.swift; path = hitable.swift; sourceTree = "<group>"; };
		01F36E7A1CB4D4DC00296359 /* materials.swift */ = {isa = PBXFileReference; fileEncoding = 4; lastKnownFileType = sourcecode.swift; path = materials.swift; sourceTree = "<group>"; };
/* End PBXFileReference section */

/* Begin PBXFrameworksBuildPhase section */
		01F36E661CB4D0E400296359 /* Frameworks */ = {
			isa = PBXFrameworksBuildPhase;
			buildActionMask = 2147483647;
			files = (
			);
			runOnlyForDeploymentPostprocessing = 0;
		};
/* End PBXFrameworksBuildPhase section */

/* Begin PBXGroup section */
		01F36E601CB4D0E400296359 = {
			isa = PBXGroup;
			children = (
				01F36E6B1CB4D0E400296359 /* swift-trace */,
				01F36E6A1CB4D0E400296359 /* Products */,
			);
			sourceTree = "<group>";
		};
		01F36E6A1CB4D0E400296359 /* Products */ = {
			isa = PBXGroup;
			children = (
				01F36E691CB4D0E400296359 /* swift-trace */,
			);
			name = Products;
			sourceTree = "<group>";
		};
		01F36E6B1CB4D0E400296359 /* swift-trace */ = {
			isa = PBXGroup;
			children = (
				01F36E6C1CB4D0E400296359 /* main.swift */,
				01F36E731CB4D28300296359 /* vec3.swift */,
				01F36E791CB4D4DC00296359 /* hitable.swift */,
				01F36E7A1CB4D4DC00296359 /* materials.swift */,
				01F36E751CB4D31400296359 /* camera.swift */,
				01F36E761CB4D31400296359 /* ray.swift */,
			);
			path = "swift-trace";
			sourceTree = "<group>";
		};
/* End PBXGroup section */

/* Begin PBXNativeTarget section */
		01F36E681CB4D0E400296359 /* swift-trace */ = {
			isa = PBXNativeTarget;
			buildConfigurationList = 01F36E701CB4D0E400296359 /* Build configuration list for PBXNativeTarget "swift-trace" */;
			buildPhases = (
				01F36E651CB4D0E400296359 /* Sources */,
				01F36E661CB4D0E400296359 /* Frameworks */,
				01F36E671CB4D0E400296359 /* CopyFiles */,
			);
			buildRules = (
			);
			dependencies = (
			);
			name = "swift-trace";
			productName = "swift-trace";
			productReference = 01F36E691CB4D0E400296359 /* swift-trace */;
			productType = "com.apple.product-type.tool";
		};
/* End PBXNativeTarget section */

/* Begin PBXProject section */
		01F36E611CB4D0E400296359 /* Project object */ = {
			isa = PBXProject;
			attributes = {
				LastSwiftUpdateCheck = 0730;
				LastUpgradeCheck = 0730;
				ORGANIZATIONNAME = "Kris Campbell";
				TargetAttributes = {
					01F36E681CB4D0E400296359 = {
						CreatedOnToolsVersion = 7.3;
					};
				};
			};
			buildConfigurationList = 01F36E641CB4D0E400296359 /* Build configuration list for PBXProject "swift-trace" */;
			compatibilityVersion = "Xcode 3.2";
			developmentRegion = English;
			hasScannedForEncodings = 0;
			knownRegions = (
				en,
			);
			mainGroup = 01F36E601CB4D0E400296359;
			productRefGroup = 01F36E6A1CB4D0E400296359 /* Products */;
			projectDirPath = "";
			projectRoot = "";
			targets = (
				01F36E681CB4D0E400296359 /* swift-trace */,
			);
		};
/* End PBXProject section */

/* Begin PBXSourcesBuildPhase section */
		01F36E651CB4D0E400296359 /* Sources */ = {
			isa = PBXSourcesBuildPhase;
			buildActionMask = 2147483647;
			files = (
				01F36E7C1CB4D4DC00296359 /* materials.swift in Sources */,
				01F36E7B1CB4D4DC00296359 /* hitable.swift in Sources */,
				01F36E781CB4D31400296359 /* ray.swift in Sources */,
				01F36E771CB4D31400296359 /* camera.swift in Sources */,
				01F36E741CB4D28300296359 /* vec3.swift in Sources */,
				01F36E6D1CB4D0E400296359 /* main.swift in Sources */,
			);
			runOnlyForDeploymentPostprocessing = 0;
		};
/* End PBXSourcesBuildPhase section */

/* Begin XCBuildConfiguration section */
		01F36E6E1CB4D0E400296359 /* Debug */ = {
			isa = XCBuildConfiguration;
			buildSettings = {
				ALWAYS_SEARCH_USER_PATHS = NO;
				CLANG_ANALYZER_NONNULL = YES;
				CLANG_CXX_LANGUAGE_STANDARD = "gnu++0x";
				CLANG_CXX_LIBRARY = "libc++";
				CLANG_ENABLE_MODULES = YES;
				CLANG_ENABLE_OBJC_ARC = YES;
				CLANG_WARN_BOOL_CONVERSION = YES;
				CLANG_WARN_CONSTANT_CONVERSION = YES;
				CLANG_WARN_DIRECT_OBJC_ISA_USAGE = YES_ERROR;
				CLANG_WARN_EMPTY_BODY = YES;
				CLANG_WARN_ENUM_CONVERSION = YES;
				CLANG_WARN_INT_CONVERSION = YES;
				CLANG_WARN_OBJC_ROOT_CLASS = YES_ERROR;
				CLANG_WARN_UNREACHABLE_CODE = YES;
				CLANG_WARN__DUPLICATE_METHOD_MATCH = YES;
				CODE_SIGN_IDENTITY = "-";
				COPY_PHASE_STRIP = NO;
				DEBUG_INFORMATION_FORMAT = dwarf;
				ENABLE_STRICT_OBJC_MSGSEND = YES;
				ENABLE_TESTABILITY = YES;
				GCC_C_LANGUAGE_STANDARD = gnu99;
				GCC_DYNAMIC_NO_PIC = NO;
				GCC_NO_COMMON_BLOCKS = YES;
				GCC_OPTIMIZATION_LEVEL = 0;
				GCC_PREPROCESSOR_DEFINITIONS = (
					"DEBUG=1",
					"$(inherited)",
				);
				GCC_WARN_64_TO_32_BIT_CONVERSION = YES;
				GCC_WARN_ABOUT_RETURN_TYPE = YES_ERROR;
				GCC_WARN_UNDECLARED_SELECTOR = YES;
				GCC_WARN_UNINITIALIZED_AUTOS = YES_AGGRESSIVE;
				GCC_WARN_UNUSED_FUNCTION = YES;
				GCC_WARN_UNUSED_VARIABLE = YES;
				MACOSX_DEPLOYMENT_TARGET = 10.11;
				MTL_ENABLE_DEBUG_INFO = YES;
				ONLY_ACTIVE_ARCH = YES;
				SDKROOT = macosx;
				SWIFT_OPTIMIZATION_LEVEL = "-Onone";
			};
			name = Debug;
		};
		01F36E6F1CB4D0E400296359 /* Release */ = {
			isa = XCBuildConfiguration;
			buildSettings = {
				ALWAYS_SEARCH_USER_PATHS = NO;
				CLANG_ANALYZER_NONNULL = YES;
				CLANG_CXX_LANGUAGE_STANDARD = "gnu++0x";
				CLANG_CXX_LIBRARY = "libc++";
				CLANG_ENABLE_MODULES = YES;
				CLANG_ENABLE_OBJC_ARC = YES;
				CLANG_WARN_BOOL_CONVERSION = YES;
				CLANG_WARN_CONSTANT_CONVERSION = YES;
				CLANG_WARN_DIRECT_OBJC_ISA_USAGE = YES_ERROR;
				CLANG_WARN_EMPTY_BODY = YES;
				CLANG_WARN_ENUM_CONVERSION = YES;
				CLANG_WARN_INT_CONVERSION = YES;
				CLANG_WARN_OBJC_ROOT_CLASS = YES_ERROR;
				CLANG_WARN_UNREACHABLE_CODE = YES;
				CLANG_WARN__DUPLICATE_METHOD_MATCH = YES;
				CODE_SIGN_IDENTITY = "-";
				COPY_PHASE_STRIP = NO;
				DEBUG_INFORMATION_FORMAT = "dwarf-with-dsym";
				ENABLE_NS_ASSERTIONS = NO;
				ENABLE_STRICT_OBJC_MSGSEND = YES;
				GCC_C_LANGUAGE_STANDARD = gnu99;
				GCC_NO_COMMON_BLOCKS = YES;
				GCC_WARN_64_TO_32_BIT_CONVERSION = YES;
				GCC_WARN_ABOUT_RETURN_TYPE = YES_ERROR;
				GCC_WARN_UNDECLARED_SELECTOR = YES;
				GCC_WARN_UNINITIALIZED_AUTOS = YES_AGGRESSIVE;
				GCC_WARN_UNUSED_FUNCTION = YES;
				GCC_WARN_UNUSED_VARIABLE = YES;
				MACOSX_DEPLOYMENT_TARGET = 10.11;
				MTL_ENABLE_DEBUG_INFO = NO;
				SDKROOT = macosx;
			};
			name = Release;
		};
		01F36E711CB4D0E400296359 /* Debug */ = {
			isa = XCBuildConfiguration;
			buildSettings = {
				PRODUCT_NAME = "$(TARGET_NAME)";
			};
			name = Debug;
		};
		01F36E721CB4D0E400296359 /* Release */ = {
			isa = XCBuildConfiguration;
			buildSettings = {
				PRODUCT_NAME = "$(TARGET_NAME)";
			};
			name = Release;
		};
/* End XCBuildConfiguration section */

/* Begin XCConfigurationList section */
		01F36E641CB4D0E400296359 /* Build configuration list for PBXProject "swift-trace" */ = {
			isa = XCConfigurationList;
			buildConfigurations = (
				01F36E6E1CB4D0E400296359 /* Debug */,
				01F36E6F1CB4D0E400296359 /* Release */,
			);
			defaultConfigurationIsVisible = 0;
			defaultConfigurationName = Release;
		};
		01F36E701CB4D0E400296359 /* Build configuration list for PBXNativeTarget "swift-trace" */ = {
			isa = XCConfigurationList;
			buildConfigurations = (
				01F36E711CB4D0E400296359 /* Debug */,
				01F36E721CB4D0E400296359 /* Release */,
			);
			defaultConfigurationIsVisible = 0;
		};
/* End XCConfigurationList section */
	};
	rootObject = 01F36E611CB4D0E400296359 /* Project object */;
}
